
Microsoft Visual Studio Solution File, Format Version 12.00
# Visual Studio Version 17
VisualStudioVersion = 17.8.34330.188
MinimumVisualStudioVersion = 10.0.40219.1
Project("{FAE04EC0-301F-11D3-BF4B-00C04F79EFBC}") = "MVCDataAnnotations", "MVCDataAnnotations\MVCDataAnnotations.csproj", "{527127D8-3F62-4AD3-A915-2F102D1D9A3C}"
EndProject
Global
	GlobalSection(SolutionConfigurationPlatforms) = preSolution
		Debug|Any CPU = Debug|Any CPU
		Release|Any CPU = Release|Any CPU
	EndGlobalSection
	GlobalSection(ProjectConfigurationPlatforms) = postSolution
		{527127D8-3F62-4AD3-A915-2F102D1D9A3C}.Debug|Any CPU.ActiveCfg = Debug|Any CPU
		{527127D8-3F62-4AD3-A915-2F102D1D9A3C}.Debug|Any CPU.Build.0 = Debug|Any CPU
		{527127D8-3F62-4AD3-A915-2F102D1D9A3C}.Release|Any CPU.ActiveCfg = Release|Any CPU
		{527127D8-3F62-4AD3-A915-2F102D1D9A3C}.Release|Any CPU.Build.0 = Release|Any CPU
	EndGlobalSection
	GlobalSection(SolutionProperties) = preSolution
		HideSolutionNode = FALSE
	EndGlobalSection
	GlobalSection(ExtensibilityGlobals) = postSolution
		SolutionGuid = {C764F685-A3D1-4F4A-9DA0-9BD711572BED}
	EndGlobalSection
EndGlobal
